
Microsoft Visual Studio Solution File, Format Version 12.00
# Visual Studio 14
VisualStudioVersion = 14.0.25420.1
MinimumVisualStudioVersion = 10.0.40219.1
Project("{FAE04EC0-301F-11D3-BF4B-00C04F79EFBC}") = "SoftUni", "SoftUni\SoftUni.csproj", "{55141A84-B6A8-4DF5-9C0C-BD9EC11100F2}"
EndProject
Project("{FAE04EC0-301F-11D3-BF4B-00C04F79EFBC}") = "Gringotts", "Gringotts\Gringotts.csproj", "{C9B834EF-4C3C-42B6-AF3F-4A369BE2EF23}"
EndProject
Global
	GlobalSection(SolutionConfigurationPlatforms) = preSolution
		Debug|Any CPU = Debug|Any CPU
		Release|Any CPU = Release|Any CPU
	EndGlobalSection
	GlobalSection(ProjectConfigurationPlatforms) = postSolution
		{55141A84-B6A8-4DF5-9C0C-BD9EC11100F2}.Debug|Any CPU.ActiveCfg = Debug|Any CPU
		{55141A84-B6A8-4DF5-9C0C-BD9EC11100F2}.Debug|Any CPU.Build.0 = Debug|Any CPU
		{55141A84-B6A8-4DF5-9C0C-BD9EC11100F2}.Release|Any CPU.ActiveCfg = Release|Any CPU
		{55141A84-B6A8-4DF5-9C0C-BD9EC11100F2}.Release|Any CPU.Build.0 = Release|Any CPU
		{C9B834EF-4C3C-42B6-AF3F-4A369BE2EF23}.Debug|Any CPU.ActiveCfg = Debug|Any CPU
		{C9B834EF-4C3C-42B6-AF3F-4A369BE2EF23}.Debug|Any CPU.Build.0 = Debug|Any CPU
		{C9B834EF-4C3C-42B6-AF3F-4A369BE2EF23}.Release|Any CPU.ActiveCfg = Release|Any CPU
		{C9B834EF-4C3C-42B6-AF3F-4A369BE2EF23}.Release|Any CPU.Build.0 = Release|Any CPU
	EndGlobalSection
	GlobalSection(SolutionProperties) = preSolution
		HideSolutionNode = FALSE
	EndGlobalSection
EndGlobal
