
Microsoft Visual Studio Solution File, Format Version 12.00
# Visual Studio 14
VisualStudioVersion = 14.0.25420.1
MinimumVisualStudioVersion = 10.0.40219.1
Project("{FAE04EC0-301F-11D3-BF4B-00C04F79EFBC}") = "BookShopSystemDB.Models", "BookShopSystemDB.Models\BookShopSystemDB.Models.csproj", "{9CDE2912-4A0A-48E0-816B-0EDE612E9F2F}"
EndProject
Project("{FAE04EC0-301F-11D3-BF4B-00C04F79EFBC}") = "BookShopSystemDB.Data", "BookShopSystemDB.Data\BookShopSystemDB.Data.csproj", "{14A23961-2402-4D73-A292-F747B754C1C1}"
EndProject
Project("{FAE04EC0-301F-11D3-BF4B-00C04F79EFBC}") = "BookShopSystemDB.ConsoleClient", "BookShopSystemDB.ConsoleClient\BookShopSystemDB.ConsoleClient.csproj", "{4D2BA817-6B90-404B-88D6-CF415997FDE1}"
EndProject
Global
	GlobalSection(SolutionConfigurationPlatforms) = preSolution
		Debug|Any CPU = Debug|Any CPU
		Release|Any CPU = Release|Any CPU
	EndGlobalSection
	GlobalSection(ProjectConfigurationPlatforms) = postSolution
		{9CDE2912-4A0A-48E0-816B-0EDE612E9F2F}.Debug|Any CPU.ActiveCfg = Debug|Any CPU
		{9CDE2912-4A0A-48E0-816B-0EDE612E9F2F}.Debug|Any CPU.Build.0 = Debug|Any CPU
		{9CDE2912-4A0A-48E0-816B-0EDE612E9F2F}.Release|Any CPU.ActiveCfg = Release|Any CPU
		{9CDE2912-4A0A-48E0-816B-0EDE612E9F2F}.Release|Any CPU.Build.0 = Release|Any CPU
		{14A23961-2402-4D73-A292-F747B754C1C1}.Debug|Any CPU.ActiveCfg = Debug|Any CPU
		{14A23961-2402-4D73-A292-F747B754C1C1}.Debug|Any CPU.Build.0 = Debug|Any CPU
		{14A23961-2402-4D73-A292-F747B754C1C1}.Release|Any CPU.ActiveCfg = Release|Any CPU
		{14A23961-2402-4D73-A292-F747B754C1C1}.Release|Any CPU.Build.0 = Release|Any CPU
		{4D2BA817-6B90-404B-88D6-CF415997FDE1}.Debug|Any CPU.ActiveCfg = Debug|Any CPU
		{4D2BA817-6B90-404B-88D6-CF415997FDE1}.Debug|Any CPU.Build.0 = Debug|Any CPU
		{4D2BA817-6B90-404B-88D6-CF415997FDE1}.Release|Any CPU.ActiveCfg = Release|Any CPU
		{4D2BA817-6B90-404B-88D6-CF415997FDE1}.Release|Any CPU.Build.0 = Release|Any CPU
	EndGlobalSection
	GlobalSection(SolutionProperties) = preSolution
		HideSolutionNode = FALSE
	EndGlobalSection
EndGlobal
